// !$*UTF8*$!
{
	archiveVersion = 1;
	classes = {
	};
	objectVersion = 52;
	objects = {

/* Begin PBXBuildFile section */
		37100E65272FC9EC00CE5EE8 /* MessageViewModel.swift in Sources */ = {isa = PBXBuildFile; fileRef = 37100E64272FC9EC00CE5EE8 /* MessageViewModel.swift */; };
		3741E96C2727E9990023B84C /* GoogleService-Info.plist in Resources */ = {isa = PBXBuildFile; fileRef = 3741E96B2727E9990023B84C /* GoogleService-Info.plist */; };
		3741E9792727F2DC0023B84C /* AuthViewModel.swift in Sources */ = {isa = PBXBuildFile; fileRef = 3741E9782727F2DC0023B84C /* AuthViewModel.swift */; };
		376071752738942B007ED01F /* ConservationsViewModel.swift in Sources */ = {isa = PBXBuildFile; fileRef = 376071742738942B007ED01F /* ConservationsViewModel.swift */; };
		3761F6FF272170EB00DD04BB /* MainView.swift in Sources */ = {isa = PBXBuildFile; fileRef = 3761F6FE272170EB00DD04BB /* MainView.swift */; };
		3764A90827278ED20068A3E0 /* ChatBubble.swift in Sources */ = {isa = PBXBuildFile; fileRef = 3764A90727278ED20068A3E0 /* ChatBubble.swift */; };
		3764A90B27278FBA0068A3E0 /* MessageView.swift in Sources */ = {isa = PBXBuildFile; fileRef = 3764A90A27278FBA0068A3E0 /* MessageView.swift */; };
		3764A911272797520068A3E0 /* CustomInputView.swift in Sources */ = {isa = PBXBuildFile; fileRef = 3764A910272797520068A3E0 /* CustomInputView.swift */; };
		3764A91C27279B470068A3E0 /* Message.swift in Sources */ = {isa = PBXBuildFile; fileRef = 3764A91B27279B470068A3E0 /* Message.swift */; };
		3764A91F27279D090068A3E0 /* ChatViewModel.swift in Sources */ = {isa = PBXBuildFile; fileRef = 3764A91E27279D090068A3E0 /* ChatViewModel.swift */; };
		3784290A2728FE84009BA465 /* FirebaseFunctions in Frameworks */ = {isa = PBXBuildFile; productRef = 378429092728FE84009BA465 /* FirebaseFunctions */; };
		3784290C2728FE84009BA465 /* FirebaseFirestoreSwift-Beta in Frameworks */ = {isa = PBXBuildFile; productRef = 3784290B2728FE84009BA465 /* FirebaseFirestoreSwift-Beta */; };
		3784290E2728FE84009BA465 /* FirebaseStorage in Frameworks */ = {isa = PBXBuildFile; productRef = 3784290D2728FE84009BA465 /* FirebaseStorage */; };
		378429102728FE84009BA465 /* FirebaseAuth in Frameworks */ = {isa = PBXBuildFile; productRef = 3784290F2728FE84009BA465 /* FirebaseAuth */; };
		378429122728FE84009BA465 /* FirebaseFirestore in Frameworks */ = {isa = PBXBuildFile; productRef = 378429112728FE84009BA465 /* FirebaseFirestore */; };
		378429152728FEC5009BA465 /* User.swift in Sources */ = {isa = PBXBuildFile; fileRef = 378429142728FEC5009BA465 /* User.swift */; };
		3784291927290920009BA465 /* Kingfisher in Frameworks */ = {isa = PBXBuildFile; productRef = 3784291827290920009BA465 /* Kingfisher */; };
		3784291C27290A42009BA465 /* NewMessageViewModel.swift in Sources */ = {isa = PBXBuildFile; fileRef = 3784291B27290A42009BA465 /* NewMessageViewModel.swift */; };
		378F607E27274BA6001A3D0C /* ConservationView.swift in Sources */ = {isa = PBXBuildFile; fileRef = 378F607D27274BA6001A3D0C /* ConservationView.swift */; };
		378F608227274BB2001A3D0C /* ChatView.swift in Sources */ = {isa = PBXBuildFile; fileRef = 378F608127274BB2001A3D0C /* ChatView.swift */; };
		378F60852727599A001A3D0C /* ConservationCell.swift in Sources */ = {isa = PBXBuildFile; fileRef = 378F60842727599A001A3D0C /* ConservationCell.swift */; };
		378F608827275F48001A3D0C /* UserCell.swift in Sources */ = {isa = PBXBuildFile; fileRef = 378F608727275F48001A3D0C /* UserCell.swift */; };
		378F608B27276AF4001A3D0C /* NewMessageView.swift in Sources */ = {isa = PBXBuildFile; fileRef = 378F608A27276AF4001A3D0C /* NewMessageView.swift */; };
		37DC524D2720367D00423303 /* ChateaApp.swift in Sources */ = {isa = PBXBuildFile; fileRef = 37DC524C2720367D00423303 /* ChateaApp.swift */; };
		37DC524F2720367D00423303 /* ContentView.swift in Sources */ = {isa = PBXBuildFile; fileRef = 37DC524E2720367D00423303 /* ContentView.swift */; };
		37DC52512720367F00423303 /* Assets.xcassets in Resources */ = {isa = PBXBuildFile; fileRef = 37DC52502720367F00423303 /* Assets.xcassets */; };
		37DC52542720367F00423303 /* Preview Assets.xcassets in Resources */ = {isa = PBXBuildFile; fileRef = 37DC52532720367F00423303 /* Preview Assets.xcassets */; };
		37DC5260272055D800423303 /* LoginView.swift in Sources */ = {isa = PBXBuildFile; fileRef = 37DC525F272055D800423303 /* LoginView.swift */; };
/* End PBXBuildFile section */

/* Begin PBXFileReference section */
		37100E64272FC9EC00CE5EE8 /* MessageViewModel.swift */ = {isa = PBXFileReference; lastKnownFileType = sourcecode.swift; path = MessageViewModel.swift; sourceTree = "<group>"; };
		3741E96B2727E9990023B84C /* GoogleService-Info.plist */ = {isa = PBXFileReference; lastKnownFileType = text.plist; path = "GoogleService-Info.plist"; sourceTree = SOURCE_ROOT; };
		3741E9782727F2DC0023B84C /* AuthViewModel.swift */ = {isa = PBXFileReference; lastKnownFileType = sourcecode.swift; path = AuthViewModel.swift; sourceTree = "<group>"; };
		376071742738942B007ED01F /* ConservationsViewModel.swift */ = {isa = PBXFileReference; lastKnownFileType = sourcecode.swift; path = ConservationsViewModel.swift; sourceTree = "<group>"; };
		3761F6FE272170EB00DD04BB /* MainView.swift */ = {isa = PBXFileReference; lastKnownFileType = sourcecode.swift; path = MainView.swift; sourceTree = "<group>"; };
		3764A90727278ED20068A3E0 /* ChatBubble.swift */ = {isa = PBXFileReference; lastKnownFileType = sourcecode.swift; path = ChatBubble.swift; sourceTree = "<group>"; };
		3764A90A27278FBA0068A3E0 /* MessageView.swift */ = {isa = PBXFileReference; lastKnownFileType = sourcecode.swift; path = MessageView.swift; sourceTree = "<group>"; };
		3764A910272797520068A3E0 /* CustomInputView.swift */ = {isa = PBXFileReference; lastKnownFileType = sourcecode.swift; path = CustomInputView.swift; sourceTree = "<group>"; };
		3764A91B27279B470068A3E0 /* Message.swift */ = {isa = PBXFileReference; lastKnownFileType = sourcecode.swift; path = Message.swift; sourceTree = "<group>"; };
		3764A91E27279D090068A3E0 /* ChatViewModel.swift */ = {isa = PBXFileReference; lastKnownFileType = sourcecode.swift; path = ChatViewModel.swift; sourceTree = "<group>"; };
		378429142728FEC5009BA465 /* User.swift */ = {isa = PBXFileReference; lastKnownFileType = sourcecode.swift; path = User.swift; sourceTree = "<group>"; };
		3784291B27290A42009BA465 /* NewMessageViewModel.swift */ = {isa = PBXFileReference; lastKnownFileType = sourcecode.swift; path = NewMessageViewModel.swift; sourceTree = "<group>"; };
		378F607D27274BA6001A3D0C /* ConservationView.swift */ = {isa = PBXFileReference; lastKnownFileType = sourcecode.swift; path = ConservationView.swift; sourceTree = "<group>"; };
		378F608127274BB2001A3D0C /* ChatView.swift */ = {isa = PBXFileReference; lastKnownFileType = sourcecode.swift; path = ChatView.swift; sourceTree = "<group>"; };
		378F60842727599A001A3D0C /* ConservationCell.swift */ = {isa = PBXFileReference; lastKnownFileType = sourcecode.swift; path = ConservationCell.swift; sourceTree = "<group>"; };
		378F608727275F48001A3D0C /* UserCell.swift */ = {isa = PBXFileReference; lastKnownFileType = sourcecode.swift; path = UserCell.swift; sourceTree = "<group>"; };
		378F608A27276AF4001A3D0C /* NewMessageView.swift */ = {isa = PBXFileReference; lastKnownFileType = sourcecode.swift; path = NewMessageView.swift; sourceTree = "<group>"; };
		37DC52492720367D00423303 /* Chatea.app */ = {isa = PBXFileReference; explicitFileType = wrapper.application; includeInIndex = 0; path = Chatea.app; sourceTree = BUILT_PRODUCTS_DIR; };
		37DC524C2720367D00423303 /* ChateaApp.swift */ = {isa = PBXFileReference; lastKnownFileType = sourcecode.swift; path = ChateaApp.swift; sourceTree = "<group>"; };
		37DC524E2720367D00423303 /* ContentView.swift */ = {isa = PBXFileReference; lastKnownFileType = sourcecode.swift; path = ContentView.swift; sourceTree = "<group>"; };
		37DC52502720367F00423303 /* Assets.xcassets */ = {isa = PBXFileReference; lastKnownFileType = folder.assetcatalog; path = Assets.xcassets; sourceTree = "<group>"; };
		37DC52532720367F00423303 /* Preview Assets.xcassets */ = {isa = PBXFileReference; lastKnownFileType = folder.assetcatalog; path = "Preview Assets.xcassets"; sourceTree = "<group>"; };
		37DC52552720367F00423303 /* Info.plist */ = {isa = PBXFileReference; lastKnownFileType = text.plist.xml; path = Info.plist; sourceTree = "<group>"; };
		37DC525F272055D800423303 /* LoginView.swift */ = {isa = PBXFileReference; lastKnownFileType = sourcecode.swift; path = LoginView.swift; sourceTree = "<group>"; };
/* End PBXFileReference section */

/* Begin PBXFrameworksBuildPhase section */
		37DC52462720367D00423303 /* Frameworks */ = {
			isa = PBXFrameworksBuildPhase;
			buildActionMask = 2147483647;
			files = (
				3784291927290920009BA465 /* Kingfisher in Frameworks */,
				3784290A2728FE84009BA465 /* FirebaseFunctions in Frameworks */,
				3784290C2728FE84009BA465 /* FirebaseFirestoreSwift-Beta in Frameworks */,
				3784290E2728FE84009BA465 /* FirebaseStorage in Frameworks */,
				378429122728FE84009BA465 /* FirebaseFirestore in Frameworks */,
				378429102728FE84009BA465 /* FirebaseAuth in Frameworks */,
			);
			runOnlyForDeploymentPostprocessing = 0;
		};
/* End PBXFrameworksBuildPhase section */

/* Begin PBXGroup section */
		3761F6FC272169D000DD04BB /* Main */ = {
			isa = PBXGroup;
			children = (
				3761F6FE272170EB00DD04BB /* MainView.swift */,
			);
			path = Main;
			sourceTree = "<group>";
		};
		3764A91427279B110068A3E0 /* Model */ = {
			isa = PBXGroup;
			children = (
				3764A91B27279B470068A3E0 /* Message.swift */,
				378429142728FEC5009BA465 /* User.swift */,
			);
			path = Model;
			sourceTree = "<group>";
		};
		3764A91527279B190068A3E0 /* ViewModel */ = {
			isa = PBXGroup;
			children = (
				3764A91E27279D090068A3E0 /* ChatViewModel.swift */,
				3741E9782727F2DC0023B84C /* AuthViewModel.swift */,
				3784291B27290A42009BA465 /* NewMessageViewModel.swift */,
				37100E64272FC9EC00CE5EE8 /* MessageViewModel.swift */,
				376071742738942B007ED01F /* ConservationsViewModel.swift */,
			);
			path = ViewModel;
			sourceTree = "<group>";
		};
		378F607B27274B85001A3D0C /* Chats */ = {
			isa = PBXGroup;
			children = (
				378F608127274BB2001A3D0C /* ChatView.swift */,
				3764A90727278ED20068A3E0 /* ChatBubble.swift */,
				3764A90A27278FBA0068A3E0 /* MessageView.swift */,
				3764A910272797520068A3E0 /* CustomInputView.swift */,
			);
			path = Chats;
			sourceTree = "<group>";
		};
		378F607C27274B91001A3D0C /* Conservation */ = {
			isa = PBXGroup;
			children = (
				378F607D27274BA6001A3D0C /* ConservationView.swift */,
				378F60842727599A001A3D0C /* ConservationCell.swift */,
				378F608727275F48001A3D0C /* UserCell.swift */,
				378F608A27276AF4001A3D0C /* NewMessageView.swift */,
			);
			path = Conservation;
			sourceTree = "<group>";
		};
		37DC52402720367D00423303 = {
			isa = PBXGroup;
			children = (
				37DC524B2720367D00423303 /* Chatea */,
				37DC524A2720367D00423303 /* Products */,
			);
			sourceTree = "<group>";
		};
		37DC524A2720367D00423303 /* Products */ = {
			isa = PBXGroup;
			children = (
				37DC52492720367D00423303 /* Chatea.app */,
			);
			name = Products;
			sourceTree = "<group>";
		};
		37DC524B2720367D00423303 /* Chatea */ = {
			isa = PBXGroup;
			children = (
				3764A91527279B190068A3E0 /* ViewModel */,
				3764A91427279B110068A3E0 /* Model */,
				37DC525C2720544500423303 /* View */,
				37DC524C2720367D00423303 /* ChateaApp.swift */,
				37DC524E2720367D00423303 /* ContentView.swift */,
				37DC52502720367F00423303 /* Assets.xcassets */,
				37DC52552720367F00423303 /* Info.plist */,
				3741E96B2727E9990023B84C /* GoogleService-Info.plist */,
				37DC52522720367F00423303 /* Preview Content */,
			);
			path = Chatea;
			sourceTree = "<group>";
		};
		37DC52522720367F00423303 /* Preview Content */ = {
			isa = PBXGroup;
			children = (
				37DC52532720367F00423303 /* Preview Assets.xcassets */,
			);
			path = "Preview Content";
			sourceTree = "<group>";
		};
		37DC525C2720544500423303 /* View */ = {
			isa = PBXGroup;
			children = (
				378F607C27274B91001A3D0C /* Conservation */,
				378F607B27274B85001A3D0C /* Chats */,
				3761F6FC272169D000DD04BB /* Main */,
				37DC525E2720554D00423303 /* Authentication */,
			);
			path = View;
			sourceTree = "<group>";
		};
		37DC525E2720554D00423303 /* Authentication */ = {
			isa = PBXGroup;
			children = (
				37DC525F272055D800423303 /* LoginView.swift */,
			);
			path = Authentication;
			sourceTree = "<group>";
		};
/* End PBXGroup section */

/* Begin PBXNativeTarget section */
		37DC52482720367D00423303 /* Chatea */ = {
			isa = PBXNativeTarget;
			buildConfigurationList = 37DC52582720367F00423303 /* Build configuration list for PBXNativeTarget "Chatea" */;
			buildPhases = (
				37DC52452720367D00423303 /* Sources */,
				37DC52462720367D00423303 /* Frameworks */,
				37DC52472720367D00423303 /* Resources */,
			);
			buildRules = (
			);
			dependencies = (
			);
			name = Chatea;
			packageProductDependencies = (
				378429092728FE84009BA465 /* FirebaseFunctions */,
				3784290B2728FE84009BA465 /* FirebaseFirestoreSwift-Beta */,
				3784290D2728FE84009BA465 /* FirebaseStorage */,
				3784290F2728FE84009BA465 /* FirebaseAuth */,
				378429112728FE84009BA465 /* FirebaseFirestore */,
				3784291827290920009BA465 /* Kingfisher */,
			);
			productName = Chatea;
			productReference = 37DC52492720367D00423303 /* Chatea.app */;
			productType = "com.apple.product-type.application";
		};
/* End PBXNativeTarget section */

/* Begin PBXProject section */
		37DC52412720367D00423303 /* Project object */ = {
			isa = PBXProject;
			attributes = {
				LastSwiftUpdateCheck = 1220;
				LastUpgradeCheck = 1220;
				TargetAttributes = {
					37DC52482720367D00423303 = {
						CreatedOnToolsVersion = 12.2;
					};
				};
			};
			buildConfigurationList = 37DC52442720367D00423303 /* Build configuration list for PBXProject "Chatea" */;
			compatibilityVersion = "Xcode 9.3";
			developmentRegion = en;
			hasScannedForEncodings = 0;
			knownRegions = (
				en,
				Base,
			);
			mainGroup = 37DC52402720367D00423303;
			packageReferences = (
				378429082728FE84009BA465 /* XCRemoteSwiftPackageReference "firebase-ios-sdk" */,
				3784291727290920009BA465 /* XCRemoteSwiftPackageReference "Kingfisher" */,
			);
			productRefGroup = 37DC524A2720367D00423303 /* Products */;
			projectDirPath = "";
			projectRoot = "";
			targets = (
				37DC52482720367D00423303 /* Chatea */,
			);
		};
/* End PBXProject section */

/* Begin PBXResourcesBuildPhase section */
		37DC52472720367D00423303 /* Resources */ = {
			isa = PBXResourcesBuildPhase;
			buildActionMask = 2147483647;
			files = (
				37DC52542720367F00423303 /* Preview Assets.xcassets in Resources */,
				37DC52512720367F00423303 /* Assets.xcassets in Resources */,
				3741E96C2727E9990023B84C /* GoogleService-Info.plist in Resources */,
			);
			runOnlyForDeploymentPostprocessing = 0;
		};
/* End PBXResourcesBuildPhase section */

/* Begin PBXSourcesBuildPhase section */
		37DC52452720367D00423303 /* Sources */ = {
			isa = PBXSourcesBuildPhase;
			buildActionMask = 2147483647;
			files = (
				378F608B27276AF4001A3D0C /* NewMessageView.swift in Sources */,
				3764A90827278ED20068A3E0 /* ChatBubble.swift in Sources */,
				378F608827275F48001A3D0C /* UserCell.swift in Sources */,
				37DC5260272055D800423303 /* LoginView.swift in Sources */,
				378429152728FEC5009BA465 /* User.swift in Sources */,
				376071752738942B007ED01F /* ConservationsViewModel.swift in Sources */,
				3764A911272797520068A3E0 /* CustomInputView.swift in Sources */,
				3784291C27290A42009BA465 /* NewMessageViewModel.swift in Sources */,
				3741E9792727F2DC0023B84C /* AuthViewModel.swift in Sources */,
				3761F6FF272170EB00DD04BB /* MainView.swift in Sources */,
				37DC524F2720367D00423303 /* ContentView.swift in Sources */,
				37100E65272FC9EC00CE5EE8 /* MessageViewModel.swift in Sources */,
				3764A90B27278FBA0068A3E0 /* MessageView.swift in Sources */,
				3764A91F27279D090068A3E0 /* ChatViewModel.swift in Sources */,
				378F607E27274BA6001A3D0C /* ConservationView.swift in Sources */,
				3764A91C27279B470068A3E0 /* Message.swift in Sources */,
				378F60852727599A001A3D0C /* ConservationCell.swift in Sources */,
				378F608227274BB2001A3D0C /* ChatView.swift in Sources */,
				37DC524D2720367D00423303 /* ChateaApp.swift in Sources */,
			);
			runOnlyForDeploymentPostprocessing = 0;
		};
/* End PBXSourcesBuildPhase section */

/* Begin XCBuildConfiguration section */
		37DC52562720367F00423303 /* Debug */ = {
			isa = XCBuildConfiguration;
			buildSettings = {
				ALWAYS_SEARCH_USER_PATHS = NO;
				CLANG_ANALYZER_NONNULL = YES;
				CLANG_ANALYZER_NUMBER_OBJECT_CONVERSION = YES_AGGRESSIVE;
				CLANG_CXX_LANGUAGE_STANDARD = "gnu++14";
				CLANG_CXX_LIBRARY = "libc++";
				CLANG_ENABLE_MODULES = YES;
				CLANG_ENABLE_OBJC_ARC = YES;
				CLANG_ENABLE_OBJC_WEAK = YES;
				CLANG_WARN_BLOCK_CAPTURE_AUTORELEASING = YES;
				CLANG_WARN_BOOL_CONVERSION = YES;
				CLANG_WARN_COMMA = YES;
				CLANG_WARN_CONSTANT_CONVERSION = YES;
				CLANG_WARN_DEPRECATED_OBJC_IMPLEMENTATIONS = YES;
				CLANG_WARN_DIRECT_OBJC_ISA_USAGE = YES_ERROR;
				CLANG_WARN_DOCUMENTATION_COMMENTS = YES;
				CLANG_WARN_EMPTY_BODY = YES;
				CLANG_WARN_ENUM_CONVERSION = YES;
				CLANG_WARN_INFINITE_RECURSION = YES;
				CLANG_WARN_INT_CONVERSION = YES;
				CLANG_WARN_NON_LITERAL_NULL_CONVERSION = YES;
				CLANG_WARN_OBJC_IMPLICIT_RETAIN_SELF = YES;
				CLANG_WARN_OBJC_LITERAL_CONVERSION = YES;
				CLANG_WARN_OBJC_ROOT_CLASS = YES_ERROR;
				CLANG_WARN_QUOTED_INCLUDE_IN_FRAMEWORK_HEADER = YES;
				CLANG_WARN_RANGE_LOOP_ANALYSIS = YES;
				CLANG_WARN_STRICT_PROTOTYPES = YES;
				CLANG_WARN_SUSPICIOUS_MOVE = YES;
				CLANG_WARN_UNGUARDED_AVAILABILITY = YES_AGGRESSIVE;
				CLANG_WARN_UNREACHABLE_CODE = YES;
				CLANG_WARN__DUPLICATE_METHOD_MATCH = YES;
				COPY_PHASE_STRIP = NO;
				DEBUG_INFORMATION_FORMAT = dwarf;
				ENABLE_STRICT_OBJC_MSGSEND = YES;
				ENABLE_TESTABILITY = YES;
				GCC_C_LANGUAGE_STANDARD = gnu11;
				GCC_DYNAMIC_NO_PIC = NO;
				GCC_NO_COMMON_BLOCKS = YES;
				GCC_OPTIMIZATION_LEVEL = 0;
				GCC_PREPROCESSOR_DEFINITIONS = (
					"DEBUG=1",
					"$(inherited)",
				);
				GCC_WARN_64_TO_32_BIT_CONVERSION = YES;
				GCC_WARN_ABOUT_RETURN_TYPE = YES_ERROR;
				GCC_WARN_UNDECLARED_SELECTOR = YES;
				GCC_WARN_UNINITIALIZED_AUTOS = YES_AGGRESSIVE;
				GCC_WARN_UNUSED_FUNCTION = YES;
				GCC_WARN_UNUSED_VARIABLE = YES;
				IPHONEOS_DEPLOYMENT_TARGET = 14.2;
				MTL_ENABLE_DEBUG_INFO = INCLUDE_SOURCE;
				MTL_FAST_MATH = YES;
				ONLY_ACTIVE_ARCH = YES;
				SDKROOT = iphoneos;
				SWIFT_ACTIVE_COMPILATION_CONDITIONS = DEBUG;
				SWIFT_OPTIMIZATION_LEVEL = "-Onone";
			};
			name = Debug;
		};
		37DC52572720367F00423303 /* Release */ = {
			isa = XCBuildConfiguration;
			buildSettings = {
				ALWAYS_SEARCH_USER_PATHS = NO;
				CLANG_ANALYZER_NONNULL = YES;
				CLANG_ANALYZER_NUMBER_OBJECT_CONVERSION = YES_AGGRESSIVE;
				CLANG_CXX_LANGUAGE_STANDARD = "gnu++14";
				CLANG_CXX_LIBRARY = "libc++";
				CLANG_ENABLE_MODULES = YES;
				CLANG_ENABLE_OBJC_ARC = YES;
				CLANG_ENABLE_OBJC_WEAK = YES;
				CLANG_WARN_BLOCK_CAPTURE_AUTORELEASING = YES;
				CLANG_WARN_BOOL_CONVERSION = YES;
				CLANG_WARN_COMMA = YES;
				CLANG_WARN_CONSTANT_CONVERSION = YES;
				CLANG_WARN_DEPRECATED_OBJC_IMPLEMENTATIONS = YES;
				CLANG_WARN_DIRECT_OBJC_ISA_USAGE = YES_ERROR;
				CLANG_WARN_DOCUMENTATION_COMMENTS = YES;
				CLANG_WARN_EMPTY_BODY = YES;
				CLANG_WARN_ENUM_CONVERSION = YES;
				CLANG_WARN_INFINITE_RECURSION = YES;
				CLANG_WARN_INT_CONVERSION = YES;
				CLANG_WARN_NON_LITERAL_NULL_CONVERSION = YES;
				CLANG_WARN_OBJC_IMPLICIT_RETAIN_SELF = YES;
				CLANG_WARN_OBJC_LITERAL_CONVERSION = YES;
				CLANG_WARN_OBJC_ROOT_CLASS = YES_ERROR;
				CLANG_WARN_QUOTED_INCLUDE_IN_FRAMEWORK_HEADER = YES;
				CLANG_WARN_RANGE_LOOP_ANALYSIS = YES;
				CLANG_WARN_STRICT_PROTOTYPES = YES;
				CLANG_WARN_SUSPICIOUS_MOVE = YES;
				CLANG_WARN_UNGUARDED_AVAILABILITY = YES_AGGRESSIVE;
				CLANG_WARN_UNREACHABLE_CODE = YES;
				CLANG_WARN__DUPLICATE_METHOD_MATCH = YES;
				COPY_PHASE_STRIP = NO;
				DEBUG_INFORMATION_FORMAT = "dwarf-with-dsym";
				ENABLE_NS_ASSERTIONS = NO;
				ENABLE_STRICT_OBJC_MSGSEND = YES;
				GCC_C_LANGUAGE_STANDARD = gnu11;
				GCC_NO_COMMON_BLOCKS = YES;
				GCC_WARN_64_TO_32_BIT_CONVERSION = YES;
				GCC_WARN_ABOUT_RETURN_TYPE = YES_ERROR;
				GCC_WARN_UNDECLARED_SELECTOR = YES;
				GCC_WARN_UNINITIALIZED_AUTOS = YES_AGGRESSIVE;
				GCC_WARN_UNUSED_FUNCTION = YES;
				GCC_WARN_UNUSED_VARIABLE = YES;
				IPHONEOS_DEPLOYMENT_TARGET = 14.2;
				MTL_ENABLE_DEBUG_INFO = NO;
				MTL_FAST_MATH = YES;
				SDKROOT = iphoneos;
				SWIFT_COMPILATION_MODE = wholemodule;
				SWIFT_OPTIMIZATION_LEVEL = "-O";
				VALIDATE_PRODUCT = YES;
			};
			name = Release;
		};
		37DC52592720367F00423303 /* Debug */ = {
			isa = XCBuildConfiguration;
			buildSettings = {
				ASSETCATALOG_COMPILER_APPICON_NAME = AppIcon;
				ASSETCATALOG_COMPILER_GLOBAL_ACCENT_COLOR_NAME = AccentColor;
				CODE_SIGN_STYLE = Automatic;
				DEVELOPMENT_ASSET_PATHS = "\"Chatea/Preview Content\"";
				DEVELOPMENT_TEAM = L7TM2389A7;
				ENABLE_PREVIEWS = YES;
				INFOPLIST_FILE = Chatea/Info.plist;
				IPHONEOS_DEPLOYMENT_TARGET = 14.0;
				LD_RUNPATH_SEARCH_PATHS = (
					"$(inherited)",
					"@executable_path/Frameworks",
				);
				PRODUCT_BUNDLE_IDENTIFIER = com.eceayvaz.Chatea;
				PRODUCT_NAME = "$(TARGET_NAME)";
				SWIFT_VERSION = 5.0;
				TARGETED_DEVICE_FAMILY = "1,2";
			};
			name = Debug;
		};
		37DC525A2720367F00423303 /* Release */ = {
			isa = XCBuildConfiguration;
			buildSettings = {
				ASSETCATALOG_COMPILER_APPICON_NAME = AppIcon;
				ASSETCATALOG_COMPILER_GLOBAL_ACCENT_COLOR_NAME = AccentColor;
				CODE_SIGN_STYLE = Automatic;
				DEVELOPMENT_ASSET_PATHS = "\"Chatea/Preview Content\"";
				DEVELOPMENT_TEAM = L7TM2389A7;
				ENABLE_PREVIEWS = YES;
				INFOPLIST_FILE = Chatea/Info.plist;
				IPHONEOS_DEPLOYMENT_TARGET = 14.0;
				LD_RUNPATH_SEARCH_PATHS = (
					"$(inherited)",
					"@executable_path/Frameworks",
				);
				PRODUCT_BUNDLE_IDENTIFIER = com.eceayvaz.Chatea;
				PRODUCT_NAME = "$(TARGET_NAME)";
				SWIFT_VERSION = 5.0;
				TARGETED_DEVICE_FAMILY = "1,2";
			};
			name = Release;
		};
/* End XCBuildConfiguration section */

/* Begin XCConfigurationList section */
		37DC52442720367D00423303 /* Build configuration list for PBXProject "Chatea" */ = {
			isa = XCConfigurationList;
			buildConfigurations = (
				37DC52562720367F00423303 /* Debug */,
				37DC52572720367F00423303 /* Release */,
			);
			defaultConfigurationIsVisible = 0;
			defaultConfigurationName = Release;
		};
		37DC52582720367F00423303 /* Build configuration list for PBXNativeTarget "Chatea" */ = {
			isa = XCConfigurationList;
			buildConfigurations = (
				37DC52592720367F00423303 /* Debug */,
				37DC525A2720367F00423303 /* Release */,
			);
			defaultConfigurationIsVisible = 0;
			defaultConfigurationName = Release;
		};
/* End XCConfigurationList section */

/* Begin XCRemoteSwiftPackageReference section */
		378429082728FE84009BA465 /* XCRemoteSwiftPackageReference "firebase-ios-sdk" */ = {
			isa = XCRemoteSwiftPackageReference;
			repositoryURL = "https://github.com/firebase/firebase-ios-sdk.git";
			requirement = {
				kind = upToNextMajorVersion;
				minimumVersion = 8.8.1;
			};
		};
		3784291727290920009BA465 /* XCRemoteSwiftPackageReference "Kingfisher" */ = {
			isa = XCRemoteSwiftPackageReference;
			repositoryURL = "https://github.com/onevcat/Kingfisher.git";
			requirement = {
				kind = upToNextMajorVersion;
				minimumVersion = 7.1.1;
			};
		};
/* End XCRemoteSwiftPackageReference section */

/* Begin XCSwiftPackageProductDependency section */
		378429092728FE84009BA465 /* FirebaseFunctions */ = {
			isa = XCSwiftPackageProductDependency;
			package = 378429082728FE84009BA465 /* XCRemoteSwiftPackageReference "firebase-ios-sdk" */;
			productName = FirebaseFunctions;
		};
		3784290B2728FE84009BA465 /* FirebaseFirestoreSwift-Beta */ = {
			isa = XCSwiftPackageProductDependency;
			package = 378429082728FE84009BA465 /* XCRemoteSwiftPackageReference "firebase-ios-sdk" */;
			productName = "FirebaseFirestoreSwift-Beta";
		};
		3784290D2728FE84009BA465 /* FirebaseStorage */ = {
			isa = XCSwiftPackageProductDependency;
			package = 378429082728FE84009BA465 /* XCRemoteSwiftPackageReference "firebase-ios-sdk" */;
			productName = FirebaseStorage;
		};
		3784290F2728FE84009BA465 /* FirebaseAuth */ = {
			isa = XCSwiftPackageProductDependency;
			package = 378429082728FE84009BA465 /* XCRemoteSwiftPackageReference "firebase-ios-sdk" */;
			productName = FirebaseAuth;
		};
		378429112728FE84009BA465 /* FirebaseFirestore */ = {
			isa = XCSwiftPackageProductDependency;
			package = 378429082728FE84009BA465 /* XCRemoteSwiftPackageReference "firebase-ios-sdk" */;
			productName = FirebaseFirestore;
		};
		3784291827290920009BA465 /* Kingfisher */ = {
			isa = XCSwiftPackageProductDependency;
			package = 3784291727290920009BA465 /* XCRemoteSwiftPackageReference "Kingfisher" */;
			productName = Kingfisher;
		};
/* End XCSwiftPackageProductDependency section */
	};
	rootObject = 37DC52412720367D00423303 /* Project object */;
}
